// !$*UTF8*$!
{
	archiveVersion = 1;
	classes = {
	};
	objectVersion = 46;
	objects = {

/* Begin PBXBuildFile section */
		1D3623260D0F684500981E51 /* HoccerAPIAppDelegate.m in Sources */ = {isa = PBXBuildFile; fileRef = 1D3623250D0F684500981E51 /* HoccerAPIAppDelegate.m */; };
		1D60589B0D05DD56006BFB54 /* main.m in Sources */ = {isa = PBXBuildFile; fileRef = 29B97316FDCFA39411CA2CEA /* main.m */; };
		1D60589F0D05DD5A006BFB54 /* Foundation.framework in Frameworks */ = {isa = PBXBuildFile; fileRef = 1D30AB110D05D00D00671497 /* Foundation.framework */; };
		1DF5F4E00D08C38300B7A737 /* UIKit.framework in Frameworks */ = {isa = PBXBuildFile; fileRef = 1DF5F4DF0D08C38300B7A737 /* UIKit.framework */; };
		220C63AC1238DA130014AECB /* CoreGraphics.framework in Frameworks */ = {isa = PBXBuildFile; fileRef = 288765A40DF7441C002DB57D /* CoreGraphics.framework */; };
		220C63AD1238DA180014AECB /* Foundation.framework in Frameworks */ = {isa = PBXBuildFile; fileRef = 1D30AB110D05D00D00671497 /* Foundation.framework */; };
		220C63AE1238DA230014AECB /* UIKit.framework in Frameworks */ = {isa = PBXBuildFile; fileRef = 1DF5F4DF0D08C38300B7A737 /* UIKit.framework */; };
		220C63BB1238DB6C0014AECB /* GHUnitIOSTestMain.m in Sources */ = {isa = PBXBuildFile; fileRef = 220C63B11238DA810014AECB /* GHUnitIOSTestMain.m */; };
		220C63ED1238DC800014AECB /* CoreLocation.framework in Frameworks */ = {isa = PBXBuildFile; fileRef = 22A5C9BE12379B36003DF9EC /* CoreLocation.framework */; };
		220E4B5D124352F60059A287 /* HttpClient.h in Headers */ = {isa = PBXBuildFile; fileRef = 220E4B57124352F60059A287 /* HttpClient.h */; };
		220E4B5E124352F60059A287 /* HttpClient.m in Sources */ = {isa = PBXBuildFile; fileRef = 220E4B58124352F60059A287 /* HttpClient.m */; };
		220E4B5F124352F60059A287 /* HttpConnection.h in Headers */ = {isa = PBXBuildFile; fileRef = 220E4B59124352F60059A287 /* HttpConnection.h */; };
		220E4B60124352F60059A287 /* HttpConnection.m in Sources */ = {isa = PBXBuildFile; fileRef = 220E4B5A124352F60059A287 /* HttpConnection.m */; };
		220E4B621243530B0059A287 /* HCLinccerDelegate.h in Headers */ = {isa = PBXBuildFile; fileRef = 220E4B611243530B0059A287 /* HCLinccerDelegate.h */; };
		220E4B7A1243547F0059A287 /* GHUnitIOS.framework in Frameworks */ = {isa = PBXBuildFile; fileRef = 220E4B781243547F0059A287 /* GHUnitIOS.framework */; };
		220E4B7B1243547F0059A287 /* YAJLIOS.framework in Frameworks */ = {isa = PBXBuildFile; fileRef = 220E4B791243547F0059A287 /* YAJLIOS.framework */; };
		220E4B7C1243547F0059A287 /* GHUnitIOS.framework in Frameworks */ = {isa = PBXBuildFile; fileRef = 220E4B781243547F0059A287 /* GHUnitIOS.framework */; };
		220E4B7D1243547F0059A287 /* YAJLIOS.framework in Frameworks */ = {isa = PBXBuildFile; fileRef = 220E4B791243547F0059A287 /* YAJLIOS.framework */; };
		220E4BB4124355900059A287 /* WifiScanner.m in Sources */ = {isa = PBXBuildFile; fileRef = 220E4BB0124355900059A287 /* WifiScanner.m */; };
		220E4BB5124355900059A287 /* HCEnvironment.h in Headers */ = {isa = PBXBuildFile; fileRef = 220E4BA9124355900059A287 /* HCEnvironment.h */; };
		220E4BB6124355900059A287 /* HCEnvironment.m in Sources */ = {isa = PBXBuildFile; fileRef = 220E4BAA124355900059A287 /* HCEnvironment.m */; };
		220E4BB7124355900059A287 /* HCEnvironmentManager.h in Headers */ = {isa = PBXBuildFile; fileRef = 220E4BAB124355900059A287 /* HCEnvironmentManager.h */; };
		220E4BB8124355900059A287 /* HCEnvironmentManager.m in Sources */ = {isa = PBXBuildFile; fileRef = 220E4BAC124355900059A287 /* HCEnvironmentManager.m */; };
		220E4BB9124355900059A287 /* HCEnvironmentManagerDelegate.h in Headers */ = {isa = PBXBuildFile; fileRef = 220E4BAD124355900059A287 /* HCEnvironmentManagerDelegate.h */; };
		220E4BBA124355900059A287 /* WifiScanner.h in Headers */ = {isa = PBXBuildFile; fileRef = 220E4BAF124355900059A287 /* WifiScanner.h */; };
		220E4BBB124355900059A287 /* WifiScanner.m in Sources */ = {isa = PBXBuildFile; fileRef = 220E4BB0124355900059A287 /* WifiScanner.m */; };
		220E4BBC124355900059A287 /* WifiScannerDelegate.h in Headers */ = {isa = PBXBuildFile; fileRef = 220E4BB1124355900059A287 /* WifiScannerDelegate.h */; };
		220E4D83124370910059A287 /* Hoccer.h in Headers */ = {isa = PBXBuildFile; fileRef = 220E4D82124370910059A287 /* Hoccer.h */; };
		227C61831247A08D00059B66 /* HCEnvironment.m in Sources */ = {isa = PBXBuildFile; fileRef = 220E4BAA124355900059A287 /* HCEnvironment.m */; };
		227C61841247A08D00059B66 /* HCEnvironmentManager.m in Sources */ = {isa = PBXBuildFile; fileRef = 220E4BAC124355900059A287 /* HCEnvironmentManager.m */; };
		227C61861247A09F00059B66 /* HCLinccer.m in Sources */ = {isa = PBXBuildFile; fileRef = 22A5C98E12379123003DF9EC /* HCLinccer.m */; };
		227C61871247A09F00059B66 /* HCGeoStorage.m in Sources */ = {isa = PBXBuildFile; fileRef = 22C02ECA123FBF310035A73D /* HCGeoStorage.m */; };
		227C61881247A0B000059B66 /* HttpClient.m in Sources */ = {isa = PBXBuildFile; fileRef = 220E4B58124352F60059A287 /* HttpClient.m */; };
		227C61891247A0B000059B66 /* HttpConnection.m in Sources */ = {isa = PBXBuildFile; fileRef = 220E4B5A124352F60059A287 /* HttpConnection.m */; };
		22A5C9BF12379B36003DF9EC /* CoreLocation.framework in Frameworks */ = {isa = PBXBuildFile; fileRef = 22A5C9BE12379B36003DF9EC /* CoreLocation.framework */; };
		22CA6F4E12645CF2006BAE19 /* HoccerAPIViewController.m in Sources */ = {isa = PBXBuildFile; fileRef = 28D7ACF70DDB3853001CB0EB /* HoccerAPIViewController.m */; };
		22E903081240CC3000993693 /* HCLinccer.m in Sources */ = {isa = PBXBuildFile; fileRef = 22A5C98E12379123003DF9EC /* HCLinccer.m */; };
		22E903091240CC3000993693 /* HCGeoStorage.m in Sources */ = {isa = PBXBuildFile; fileRef = 22C02ECA123FBF310035A73D /* HCGeoStorage.m */; };
		22E904031240CC8800993693 /* UIKit.framework in Frameworks */ = {isa = PBXBuildFile; fileRef = 1DF5F4DF0D08C38300B7A737 /* UIKit.framework */; };
		22E904041240CC8800993693 /* Foundation.framework in Frameworks */ = {isa = PBXBuildFile; fileRef = 1D30AB110D05D00D00671497 /* Foundation.framework */; };
		22E904051240CC8800993693 /* CoreGraphics.framework in Frameworks */ = {isa = PBXBuildFile; fileRef = 288765A40DF7441C002DB57D /* CoreGraphics.framework */; };
		22E904061240CC8800993693 /* CoreLocation.framework in Frameworks */ = {isa = PBXBuildFile; fileRef = 22A5C9BE12379B36003DF9EC /* CoreLocation.framework */; };
		22EEB9D3123A34BE00276368 /* MockedLocationController.m in Sources */ = {isa = PBXBuildFile; fileRef = 22EEB9D2123A34BE00276368 /* MockedLocationController.m */; };
		22F460DA124BA925007FC482 /* HCAuthenticatedHttpClient.h in Headers */ = {isa = PBXBuildFile; fileRef = 22F460D8124BA925007FC482 /* HCAuthenticatedHttpClient.h */; };
		22F460DB124BA925007FC482 /* HCAuthenticatedHttpClient.m in Sources */ = {isa = PBXBuildFile; fileRef = 22F460D9124BA925007FC482 /* HCAuthenticatedHttpClient.m */; };
		22F460DC124BA925007FC482 /* HCAuthenticatedHttpClient.m in Sources */ = {isa = PBXBuildFile; fileRef = 22F460D9124BA925007FC482 /* HCAuthenticatedHttpClient.m */; };
		22FABF2F124CA41500B6AC40 /* NSDictionaryURLParamsTests.m in Sources */ = {isa = PBXBuildFile; fileRef = 22FABF2E124CA41500B6AC40 /* NSDictionaryURLParamsTests.m */; };
		22FABF34124CA97E00B6AC40 /* NSDictionary+CSURLParams.h in Headers */ = {isa = PBXBuildFile; fileRef = 22FABF32124CA97E00B6AC40 /* NSDictionary+CSURLParams.h */; };
		22FABF35124CA97E00B6AC40 /* NSDictionary+CSURLParams.m in Sources */ = {isa = PBXBuildFile; fileRef = 22FABF33124CA97E00B6AC40 /* NSDictionary+CSURLParams.m */; };
		22FABF36124CA97E00B6AC40 /* NSDictionary+CSURLParams.m in Sources */ = {isa = PBXBuildFile; fileRef = 22FABF33124CA97E00B6AC40 /* NSDictionary+CSURLParams.m */; };
		22FABFEC124CCEF300B6AC40 /* NSString+URLHelper.h in Headers */ = {isa = PBXBuildFile; fileRef = 22FABFEA124CCEF300B6AC40 /* NSString+URLHelper.h */; };
		22FABFED124CCEF300B6AC40 /* NSString+URLHelper.m in Sources */ = {isa = PBXBuildFile; fileRef = 22FABFEB124CCEF300B6AC40 /* NSString+URLHelper.m */; };
		22FABFEE124CCEF300B6AC40 /* NSString+URLHelper.m in Sources */ = {isa = PBXBuildFile; fileRef = 22FABFEB124CCEF300B6AC40 /* NSString+URLHelper.m */; };
		22FABFF1124CCF9D00B6AC40 /* NSStringURLHelperTests.m in Sources */ = {isa = PBXBuildFile; fileRef = 22FABFF0124CCF9D00B6AC40 /* NSStringURLHelperTests.m */; };
		22FAC03C124CD6A900B6AC40 /* Base64Transcoder.c in Sources */ = {isa = PBXBuildFile; fileRef = 22FAC039124CD6A900B6AC40 /* Base64Transcoder.c */; };
		22FAC03D124CD6A900B6AC40 /* Base64Transcoder.h in Headers */ = {isa = PBXBuildFile; fileRef = 22FAC03A124CD6A900B6AC40 /* Base64Transcoder.h */; };
		22FAC040124CD6C300B6AC40 /* NSData_Base64Extensions.m in Sources */ = {isa = PBXBuildFile; fileRef = 22FAC03F124CD6C300B6AC40 /* NSData_Base64Extensions.m */; };
		22FAC041124CD6C300B6AC40 /* NSData_Base64Extensions.h in Headers */ = {isa = PBXBuildFile; fileRef = 22FAC03E124CD6C300B6AC40 /* NSData_Base64Extensions.h */; };
		22FAC042124CD6C300B6AC40 /* NSData_Base64Extensions.m in Sources */ = {isa = PBXBuildFile; fileRef = 22FAC03F124CD6C300B6AC40 /* NSData_Base64Extensions.m */; };
		22FAC06A124CD8B000B6AC40 /* Base64Transcoder.c in Sources */ = {isa = PBXBuildFile; fileRef = 22FAC039124CD6A900B6AC40 /* Base64Transcoder.c */; };
		22FD875E1263554B00219137 /* NSData_Base64Extensions.m in Sources */ = {isa = PBXBuildFile; fileRef = 22FAC03F124CD6C300B6AC40 /* NSData_Base64Extensions.m */; };
		22FD875F1263554B00219137 /* Base64Transcoder.c in Sources */ = {isa = PBXBuildFile; fileRef = 22FAC039124CD6A900B6AC40 /* Base64Transcoder.c */; };
		22FD87601263554B00219137 /* NSDictionary+CSURLParams.m in Sources */ = {isa = PBXBuildFile; fileRef = 22FABF33124CA97E00B6AC40 /* NSDictionary+CSURLParams.m */; };
		22FD87611263554B00219137 /* NSString+URLHelper.m in Sources */ = {isa = PBXBuildFile; fileRef = 22FABFEB124CCEF300B6AC40 /* NSString+URLHelper.m */; };
		22FD87621263555200219137 /* HCEnvironment.m in Sources */ = {isa = PBXBuildFile; fileRef = 220E4BAA124355900059A287 /* HCEnvironment.m */; };
		22FD87631263555200219137 /* HCEnvironmentManager.m in Sources */ = {isa = PBXBuildFile; fileRef = 220E4BAC124355900059A287 /* HCEnvironmentManager.m */; };
		22FD87641263555E00219137 /* HttpClient.m in Sources */ = {isa = PBXBuildFile; fileRef = 220E4B58124352F60059A287 /* HttpClient.m */; };
		22FD87651263555E00219137 /* HttpConnection.m in Sources */ = {isa = PBXBuildFile; fileRef = 220E4B5A124352F60059A287 /* HttpConnection.m */; };
		22FD87661263555E00219137 /* HCAuthenticatedHttpClient.m in Sources */ = {isa = PBXBuildFile; fileRef = 22F460D9124BA925007FC482 /* HCAuthenticatedHttpClient.m */; };
		22FD87671263556900219137 /* HCLinccer.m in Sources */ = {isa = PBXBuildFile; fileRef = 22A5C98E12379123003DF9EC /* HCLinccer.m */; };
		22FD87681263556900219137 /* HCGeoStorage.m in Sources */ = {isa = PBXBuildFile; fileRef = 22C02ECA123FBF310035A73D /* HCGeoStorage.m */; };
		22FD876B1263558000219137 /* WifiScanner.m in Sources */ = {isa = PBXBuildFile; fileRef = 220E4BB0124355900059A287 /* WifiScanner.m */; };
		22FD87F81263576600219137 /* YAJLIOS.framework in Frameworks */ = {isa = PBXBuildFile; fileRef = 220E4B791243547F0059A287 /* YAJLIOS.framework */; };
		288765A50DF7441C002DB57D /* CoreGraphics.framework in Frameworks */ = {isa = PBXBuildFile; fileRef = 288765A40DF7441C002DB57D /* CoreGraphics.framework */; };
		2899E5220DE3E06400AC0155 /* HoccerAPIViewController.xib in Resources */ = {isa = PBXBuildFile; fileRef = 2899E5210DE3E06400AC0155 /* HoccerAPIViewController.xib */; };
		28AD733F0D9D9553002E5188 /* MainWindow.xib in Resources */ = {isa = PBXBuildFile; fileRef = 28AD733E0D9D9553002E5188 /* MainWindow.xib */; };
		28D7ACF80DDB3853001CB0EB /* HoccerAPIViewController.m in Sources */ = {isa = PBXBuildFile; fileRef = 28D7ACF70DDB3853001CB0EB /* HoccerAPIViewController.m */; };
		B4FDD6C1140E3A5B00EED06C /* Crypto.m in Sources */ = {isa = PBXBuildFile; fileRef = B4FDD6BA140E3A5B00EED06C /* Crypto.m */; };
		B4FDD6C2140E3A5B00EED06C /* NSData+CommonCrypto.m in Sources */ = {isa = PBXBuildFile; fileRef = B4FDD6BC140E3A5B00EED06C /* NSData+CommonCrypto.m */; };
		B4FDD6C3140E3A5B00EED06C /* PublicKeyManager.m in Sources */ = {isa = PBXBuildFile; fileRef = B4FDD6BE140E3A5B00EED06C /* PublicKeyManager.m */; };
		B4FDD6C4140E3A5B00EED06C /* RSA.m in Sources */ = {isa = PBXBuildFile; fileRef = B4FDD6C0140E3A5B00EED06C /* RSA.m */; };
		B4FDD6C7140E3A8400EED06C /* NSString+StringWithData.m in Sources */ = {isa = PBXBuildFile; fileRef = B4FDD6C6140E3A8400EED06C /* NSString+StringWithData.m */; };
		B4FDD6CA140E3A9A00EED06C /* NSString+Regexp.m in Sources */ = {isa = PBXBuildFile; fileRef = B4FDD6C9140E3A9A00EED06C /* NSString+Regexp.m */; };
		B4FDD6CC140E3AB900EED06C /* Security.framework in Frameworks */ = {isa = PBXBuildFile; fileRef = B4FDD6CB140E3AB900EED06C /* Security.framework */; };
		E11DAE3612C0D78B00B8E5E5 /* SandboxKeys.h in Headers */ = {isa = PBXBuildFile; fileRef = E11DAE3512C0D78B00B8E5E5 /* SandboxKeys.h */; };
		E11DAEC412C0FCEC00B8E5E5 /* FileCacheTests.m in Sources */ = {isa = PBXBuildFile; fileRef = E11DAE3712C0D7B300B8E5E5 /* FileCacheTests.m */; };
		E668E73E128305410003D10D /* HCLinccer+FakeUuid.m in Sources */ = {isa = PBXBuildFile; fileRef = E668E73D128305410003D10D /* HCLinccer+FakeUuid.m */; };
		E67B669F12A68D4B00B10441 /* HoccerTests.m in Sources */ = {isa = PBXBuildFile; fileRef = 220E4B6B1243546F0059A287 /* HoccerTests.m */; };
		E6A7AD03129D45890034E2A7 /* HCFileCache.m in Sources */ = {isa = PBXBuildFile; fileRef = E6A7AD02129D45890034E2A7 /* HCFileCache.m */; };
		E6A7AD04129D45890034E2A7 /* HCFileCache.m in Sources */ = {isa = PBXBuildFile; fileRef = E6A7AD02129D45890034E2A7 /* HCFileCache.m */; };
/* End PBXBuildFile section */

/* Begin PBXFileReference section */
		1D30AB110D05D00D00671497 /* Foundation.framework */ = {isa = PBXFileReference; lastKnownFileType = wrapper.framework; name = Foundation.framework; path = System/Library/Frameworks/Foundation.framework; sourceTree = SDKROOT; };
		1D3623240D0F684500981E51 /* HoccerAPIAppDelegate.h */ = {isa = PBXFileReference; fileEncoding = 4; lastKnownFileType = sourcecode.c.h; path = HoccerAPIAppDelegate.h; sourceTree = "<group>"; };
		1D3623250D0F684500981E51 /* HoccerAPIAppDelegate.m */ = {isa = PBXFileReference; fileEncoding = 4; lastKnownFileType = sourcecode.c.objc; path = HoccerAPIAppDelegate.m; sourceTree = "<group>"; };
		1D6058910D05DD3D006BFB54 /* HoccerAPI.app */ = {isa = PBXFileReference; explicitFileType = wrapper.application; includeInIndex = 0; path = HoccerAPI.app; sourceTree = BUILT_PRODUCTS_DIR; };
		1DF5F4DF0D08C38300B7A737 /* UIKit.framework */ = {isa = PBXFileReference; lastKnownFileType = wrapper.framework; name = UIKit.framework; path = System/Library/Frameworks/UIKit.framework; sourceTree = SDKROOT; };
		220C63A51238D9DB0014AECB /* Tests.app */ = {isa = PBXFileReference; explicitFileType = wrapper.application; includeInIndex = 0; path = Tests.app; sourceTree = BUILT_PRODUCTS_DIR; };
		220C63A71238D9DB0014AECB /* Tests-Info.plist */ = {isa = PBXFileReference; lastKnownFileType = text.plist.xml; path = "Tests-Info.plist"; sourceTree = "<group>"; };
		220C63B11238DA810014AECB /* GHUnitIOSTestMain.m */ = {isa = PBXFileReference; fileEncoding = 4; lastKnownFileType = sourcecode.c.objc; path = GHUnitIOSTestMain.m; sourceTree = "<group>"; };
		220E4B57124352F60059A287 /* HttpClient.h */ = {isa = PBXFileReference; fileEncoding = 4; lastKnownFileType = sourcecode.c.h; path = HttpClient.h; sourceTree = "<group>"; };
		220E4B58124352F60059A287 /* HttpClient.m */ = {isa = PBXFileReference; fileEncoding = 4; lastKnownFileType = sourcecode.c.objc; path = HttpClient.m; sourceTree = "<group>"; };
		220E4B59124352F60059A287 /* HttpConnection.h */ = {isa = PBXFileReference; fileEncoding = 4; lastKnownFileType = sourcecode.c.h; path = HttpConnection.h; sourceTree = "<group>"; };
		220E4B5A124352F60059A287 /* HttpConnection.m */ = {isa = PBXFileReference; fileEncoding = 4; lastKnownFileType = sourcecode.c.objc; path = HttpConnection.m; sourceTree = "<group>"; };
		220E4B611243530B0059A287 /* HCLinccerDelegate.h */ = {isa = PBXFileReference; fileEncoding = 4; lastKnownFileType = sourcecode.c.h; name = HCLinccerDelegate.h; path = HoccerClient/HCLinccerDelegate.h; sourceTree = "<group>"; };
		220E4B6B1243546F0059A287 /* HoccerTests.m */ = {isa = PBXFileReference; fileEncoding = 4; lastKnownFileType = sourcecode.c.objc; name = HoccerTests.m; path = Tests/HoccerTests.m; sourceTree = "<group>"; };
		220E4B781243547F0059A287 /* GHUnitIOS.framework */ = {isa = PBXFileReference; lastKnownFileType = wrapper.framework; name = GHUnitIOS.framework; path = lib/GHUnitIOS.framework; sourceTree = "<group>"; };
		220E4B791243547F0059A287 /* YAJLIOS.framework */ = {isa = PBXFileReference; lastKnownFileType = wrapper.framework; name = YAJLIOS.framework; path = lib/YAJLIOS.framework; sourceTree = "<group>"; };
		220E4BA9124355900059A287 /* HCEnvironment.h */ = {isa = PBXFileReference; fileEncoding = 4; lastKnownFileType = sourcecode.c.h; path = HCEnvironment.h; sourceTree = "<group>"; };
		220E4BAA124355900059A287 /* HCEnvironment.m */ = {isa = PBXFileReference; fileEncoding = 4; lastKnownFileType = sourcecode.c.objc; path = HCEnvironment.m; sourceTree = "<group>"; };
		220E4BAB124355900059A287 /* HCEnvironmentManager.h */ = {isa = PBXFileReference; fileEncoding = 4; lastKnownFileType = sourcecode.c.h; path = HCEnvironmentManager.h; sourceTree = "<group>"; };
		220E4BAC124355900059A287 /* HCEnvironmentManager.m */ = {isa = PBXFileReference; fileEncoding = 4; lastKnownFileType = sourcecode.c.objc; path = HCEnvironmentManager.m; sourceTree = "<group>"; };
		220E4BAD124355900059A287 /* HCEnvironmentManagerDelegate.h */ = {isa = PBXFileReference; fileEncoding = 4; lastKnownFileType = sourcecode.c.h; path = HCEnvironmentManagerDelegate.h; sourceTree = "<group>"; };
		220E4BAF124355900059A287 /* WifiScanner.h */ = {isa = PBXFileReference; fileEncoding = 4; lastKnownFileType = sourcecode.c.h; path = WifiScanner.h; sourceTree = "<group>"; };
		220E4BB0124355900059A287 /* WifiScanner.m */ = {isa = PBXFileReference; fileEncoding = 4; lastKnownFileType = sourcecode.c.objc; path = WifiScanner.m; sourceTree = "<group>"; };
		220E4BB1124355900059A287 /* WifiScannerDelegate.h */ = {isa = PBXFileReference; fileEncoding = 4; lastKnownFileType = sourcecode.c.h; path = WifiScannerDelegate.h; sourceTree = "<group>"; };
		220E4D82124370910059A287 /* Hoccer.h */ = {isa = PBXFileReference; fileEncoding = 4; lastKnownFileType = sourcecode.c.h; name = Hoccer.h; path = HoccerClient/Hoccer.h; sourceTree = "<group>"; };
		22A5C98D12379123003DF9EC /* HCLinccer.h */ = {isa = PBXFileReference; fileEncoding = 4; lastKnownFileType = sourcecode.c.h; name = HCLinccer.h; path = HoccerClient/HCLinccer.h; sourceTree = "<group>"; };
		22A5C98E12379123003DF9EC /* HCLinccer.m */ = {isa = PBXFileReference; fileEncoding = 4; lastKnownFileType = sourcecode.c.objc; name = HCLinccer.m; path = HoccerClient/HCLinccer.m; sourceTree = "<group>"; };
		22A5C9BE12379B36003DF9EC /* CoreLocation.framework */ = {isa = PBXFileReference; lastKnownFileType = wrapper.framework; name = CoreLocation.framework; path = System/Library/Frameworks/CoreLocation.framework; sourceTree = SDKROOT; };
		22C02EC9123FBF310035A73D /* HCGeoStorage.h */ = {isa = PBXFileReference; fileEncoding = 4; lastKnownFileType = sourcecode.c.h; name = HCGeoStorage.h; path = HoccerClient/HCGeoStorage.h; sourceTree = "<group>"; };
		22C02ECA123FBF310035A73D /* HCGeoStorage.m */ = {isa = PBXFileReference; fileEncoding = 4; lastKnownFileType = sourcecode.c.objc; name = HCGeoStorage.m; path = HoccerClient/HCGeoStorage.m; sourceTree = "<group>"; };
		22C02ED9123FC9210035A73D /* HCGeoStorageDelegate.h */ = {isa = PBXFileReference; fileEncoding = 4; lastKnownFileType = sourcecode.c.h; name = HCGeoStorageDelegate.h; path = HoccerClient/HCGeoStorageDelegate.h; sourceTree = "<group>"; };
		22E902B01240C61A00993693 /* HCGeoStorageTests.m */ = {isa = PBXFileReference; fileEncoding = 4; lastKnownFileType = sourcecode.c.objc; name = HCGeoStorageTests.m; path = Tests/HCGeoStorageTests.m; sourceTree = "<group>"; };
		22E903001240CB9A00993693 /* libHoccerLib.a */ = {isa = PBXFileReference; explicitFileType = archive.ar; includeInIndex = 0; path = libHoccerLib.a; sourceTree = BUILT_PRODUCTS_DIR; };
		22EEB9D1123A34BE00276368 /* MockedLocationController.h */ = {isa = PBXFileReference; fileEncoding = 4; lastKnownFileType = sourcecode.c.h; name = MockedLocationController.h; path = Tests/MockedLocationController.h; sourceTree = "<group>"; };
		22EEB9D2123A34BE00276368 /* MockedLocationController.m */ = {isa = PBXFileReference; fileEncoding = 4; lastKnownFileType = sourcecode.c.objc; name = MockedLocationController.m; path = Tests/MockedLocationController.m; sourceTree = "<group>"; };
		22F460D8124BA925007FC482 /* HCAuthenticatedHttpClient.h */ = {isa = PBXFileReference; fileEncoding = 4; lastKnownFileType = sourcecode.c.h; path = HCAuthenticatedHttpClient.h; sourceTree = "<group>"; };
		22F460D9124BA925007FC482 /* HCAuthenticatedHttpClient.m */ = {isa = PBXFileReference; fileEncoding = 4; lastKnownFileType = sourcecode.c.objc; path = HCAuthenticatedHttpClient.m; sourceTree = "<group>"; };
		22FABF2E124CA41500B6AC40 /* NSDictionaryURLParamsTests.m */ = {isa = PBXFileReference; fileEncoding = 4; lastKnownFileType = sourcecode.c.objc; name = NSDictionaryURLParamsTests.m; path = Tests/NSDictionaryURLParamsTests.m; sourceTree = "<group>"; };
		22FABF32124CA97E00B6AC40 /* NSDictionary+CSURLParams.h */ = {isa = PBXFileReference; fileEncoding = 4; lastKnownFileType = sourcecode.c.h; name = "NSDictionary+CSURLParams.h"; path = "HoccerClient/Helper/NSDictionary+CSURLParams.h"; sourceTree = "<group>"; };
		22FABF33124CA97E00B6AC40 /* NSDictionary+CSURLParams.m */ = {isa = PBXFileReference; fileEncoding = 4; lastKnownFileType = sourcecode.c.objc; name = "NSDictionary+CSURLParams.m"; path = "HoccerClient/Helper/NSDictionary+CSURLParams.m"; sourceTree = "<group>"; };
		22FABFEA124CCEF300B6AC40 /* NSString+URLHelper.h */ = {isa = PBXFileReference; fileEncoding = 4; lastKnownFileType = sourcecode.c.h; path = "NSString+URLHelper.h"; sourceTree = "<group>"; };
		22FABFEB124CCEF300B6AC40 /* NSString+URLHelper.m */ = {isa = PBXFileReference; fileEncoding = 4; lastKnownFileType = sourcecode.c.objc; path = "NSString+URLHelper.m"; sourceTree = "<group>"; };
		22FABFF0124CCF9D00B6AC40 /* NSStringURLHelperTests.m */ = {isa = PBXFileReference; fileEncoding = 4; lastKnownFileType = sourcecode.c.objc; name = NSStringURLHelperTests.m; path = Tests/NSStringURLHelperTests.m; sourceTree = "<group>"; };
		22FAC039124CD6A900B6AC40 /* Base64Transcoder.c */ = {isa = PBXFileReference; explicitFileType = sourcecode.c.objc; fileEncoding = 4; name = Base64Transcoder.c; path = HoccerClient/Helper/Base64Transcoder.c; sourceTree = "<group>"; };
		22FAC03A124CD6A900B6AC40 /* Base64Transcoder.h */ = {isa = PBXFileReference; fileEncoding = 4; lastKnownFileType = sourcecode.c.h; name = Base64Transcoder.h; path = HoccerClient/Helper/Base64Transcoder.h; sourceTree = "<group>"; };
		22FAC03E124CD6C300B6AC40 /* NSData_Base64Extensions.h */ = {isa = PBXFileReference; fileEncoding = 4; lastKnownFileType = sourcecode.c.h; name = NSData_Base64Extensions.h; path = HoccerClient/Helper/NSData_Base64Extensions.h; sourceTree = "<group>"; };
		22FAC03F124CD6C300B6AC40 /* NSData_Base64Extensions.m */ = {isa = PBXFileReference; fileEncoding = 4; lastKnownFileType = sourcecode.c.objc; name = NSData_Base64Extensions.m; path = HoccerClient/Helper/NSData_Base64Extensions.m; sourceTree = "<group>"; };
		288765A40DF7441C002DB57D /* CoreGraphics.framework */ = {isa = PBXFileReference; lastKnownFileType = wrapper.framework; name = CoreGraphics.framework; path = System/Library/Frameworks/CoreGraphics.framework; sourceTree = SDKROOT; };
		2899E5210DE3E06400AC0155 /* HoccerAPIViewController.xib */ = {isa = PBXFileReference; lastKnownFileType = file.xib; path = HoccerAPIViewController.xib; sourceTree = "<group>"; };
		28AD733E0D9D9553002E5188 /* MainWindow.xib */ = {isa = PBXFileReference; lastKnownFileType = file.xib; path = MainWindow.xib; sourceTree = "<group>"; };
		28D7ACF60DDB3853001CB0EB /* HoccerAPIViewController.h */ = {isa = PBXFileReference; fileEncoding = 4; lastKnownFileType = sourcecode.c.h; path = HoccerAPIViewController.h; sourceTree = "<group>"; };
		28D7ACF70DDB3853001CB0EB /* HoccerAPIViewController.m */ = {isa = PBXFileReference; fileEncoding = 4; lastKnownFileType = sourcecode.c.objc; path = HoccerAPIViewController.m; sourceTree = "<group>"; };
		29B97316FDCFA39411CA2CEA /* main.m */ = {isa = PBXFileReference; fileEncoding = 4; lastKnownFileType = sourcecode.c.objc; path = main.m; sourceTree = "<group>"; };
		32CA4F630368D1EE00C91783 /* HoccerAPI_Prefix.pch */ = {isa = PBXFileReference; fileEncoding = 4; lastKnownFileType = sourcecode.c.h; path = HoccerAPI_Prefix.pch; sourceTree = "<group>"; };
		8D1107310486CEB800E47090 /* HoccerAPI-Info.plist */ = {isa = PBXFileReference; fileEncoding = 4; lastKnownFileType = text.plist.xml; path = "HoccerAPI-Info.plist"; plistStructureDefinitionIdentifier = "com.apple.xcode.plist.structure-definition.iphone.info-plist"; sourceTree = "<group>"; };
		B4FDD6B9140E3A5B00EED06C /* Crypto.h */ = {isa = PBXFileReference; fileEncoding = 4; lastKnownFileType = sourcecode.c.h; path = Crypto.h; sourceTree = "<group>"; };
		B4FDD6BA140E3A5B00EED06C /* Crypto.m */ = {isa = PBXFileReference; fileEncoding = 4; lastKnownFileType = sourcecode.c.objc; path = Crypto.m; sourceTree = "<group>"; };
		B4FDD6BB140E3A5B00EED06C /* NSData+CommonCrypto.h */ = {isa = PBXFileReference; fileEncoding = 4; lastKnownFileType = sourcecode.c.h; path = "NSData+CommonCrypto.h"; sourceTree = "<group>"; };
		B4FDD6BC140E3A5B00EED06C /* NSData+CommonCrypto.m */ = {isa = PBXFileReference; fileEncoding = 4; lastKnownFileType = sourcecode.c.objc; path = "NSData+CommonCrypto.m"; sourceTree = "<group>"; };
		B4FDD6BD140E3A5B00EED06C /* PublicKeyManager.h */ = {isa = PBXFileReference; fileEncoding = 4; lastKnownFileType = sourcecode.c.h; path = PublicKeyManager.h; sourceTree = "<group>"; };
		B4FDD6BE140E3A5B00EED06C /* PublicKeyManager.m */ = {isa = PBXFileReference; fileEncoding = 4; lastKnownFileType = sourcecode.c.objc; path = PublicKeyManager.m; sourceTree = "<group>"; };
		B4FDD6BF140E3A5B00EED06C /* RSA.h */ = {isa = PBXFileReference; fileEncoding = 4; lastKnownFileType = sourcecode.c.h; path = RSA.h; sourceTree = "<group>"; };
		B4FDD6C0140E3A5B00EED06C /* RSA.m */ = {isa = PBXFileReference; fileEncoding = 4; lastKnownFileType = sourcecode.c.objc; path = RSA.m; sourceTree = "<group>"; };
		B4FDD6C5140E3A8400EED06C /* NSString+StringWithData.h */ = {isa = PBXFileReference; fileEncoding = 4; lastKnownFileType = sourcecode.c.h; path = "NSString+StringWithData.h"; sourceTree = "<group>"; };
		B4FDD6C6140E3A8400EED06C /* NSString+StringWithData.m */ = {isa = PBXFileReference; fileEncoding = 4; lastKnownFileType = sourcecode.c.objc; path = "NSString+StringWithData.m"; sourceTree = "<group>"; };
		B4FDD6C8140E3A9A00EED06C /* NSString+Regexp.h */ = {isa = PBXFileReference; fileEncoding = 4; lastKnownFileType = sourcecode.c.h; path = "NSString+Regexp.h"; sourceTree = "<group>"; };
		B4FDD6C9140E3A9A00EED06C /* NSString+Regexp.m */ = {isa = PBXFileReference; fileEncoding = 4; lastKnownFileType = sourcecode.c.objc; path = "NSString+Regexp.m"; sourceTree = "<group>"; };
		B4FDD6CB140E3AB900EED06C /* Security.framework */ = {isa = PBXFileReference; lastKnownFileType = wrapper.framework; name = Security.framework; path = System/Library/Frameworks/Security.framework; sourceTree = SDKROOT; };
		E11DAE3512C0D78B00B8E5E5 /* SandboxKeys.h */ = {isa = PBXFileReference; fileEncoding = 4; lastKnownFileType = sourcecode.c.h; path = SandboxKeys.h; sourceTree = "<group>"; };
		E11DAE3712C0D7B300B8E5E5 /* FileCacheTests.m */ = {isa = PBXFileReference; fileEncoding = 4; lastKnownFileType = sourcecode.c.objc; name = FileCacheTests.m; path = Tests/FileCacheTests.m; sourceTree = "<group>"; };
		E668E73C128305410003D10D /* HCLinccer+FakeUuid.h */ = {isa = PBXFileReference; fileEncoding = 4; lastKnownFileType = sourcecode.c.h; name = "HCLinccer+FakeUuid.h"; path = "Tests/HCLinccer+FakeUuid.h"; sourceTree = "<group>"; };
		E668E73D128305410003D10D /* HCLinccer+FakeUuid.m */ = {isa = PBXFileReference; fileEncoding = 4; lastKnownFileType = sourcecode.c.objc; name = "HCLinccer+FakeUuid.m"; path = "Tests/HCLinccer+FakeUuid.m"; sourceTree = "<group>"; };
		E6A7AD01129D45890034E2A7 /* HCFileCache.h */ = {isa = PBXFileReference; fileEncoding = 4; lastKnownFileType = sourcecode.c.h; name = HCFileCache.h; path = HoccerClient/HCFileCache.h; sourceTree = "<group>"; };
		E6A7AD02129D45890034E2A7 /* HCFileCache.m */ = {isa = PBXFileReference; fileEncoding = 4; lastKnownFileType = sourcecode.c.objc; name = HCFileCache.m; path = HoccerClient/HCFileCache.m; sourceTree = "<group>"; };
/* End PBXFileReference section */

/* Begin PBXFrameworksBuildPhase section */
		1D60588F0D05DD3D006BFB54 /* Frameworks */ = {
			isa = PBXFrameworksBuildPhase;
			buildActionMask = 2147483647;
			files = (
				B4FDD6CC140E3AB900EED06C /* Security.framework in Frameworks */,
				1D60589F0D05DD5A006BFB54 /* Foundation.framework in Frameworks */,
				1DF5F4E00D08C38300B7A737 /* UIKit.framework in Frameworks */,
				288765A50DF7441C002DB57D /* CoreGraphics.framework in Frameworks */,
				22A5C9BF12379B36003DF9EC /* CoreLocation.framework in Frameworks */,
				22FD87F81263576600219137 /* YAJLIOS.framework in Frameworks */,
			);
			runOnlyForDeploymentPostprocessing = 0;
		};
		220C63A31238D9DB0014AECB /* Frameworks */ = {
			isa = PBXFrameworksBuildPhase;
			buildActionMask = 2147483647;
			files = (
				220C63AC1238DA130014AECB /* CoreGraphics.framework in Frameworks */,
				220C63AD1238DA180014AECB /* Foundation.framework in Frameworks */,
				220C63AE1238DA230014AECB /* UIKit.framework in Frameworks */,
				220C63ED1238DC800014AECB /* CoreLocation.framework in Frameworks */,
				220E4B7A1243547F0059A287 /* GHUnitIOS.framework in Frameworks */,
				220E4B7B1243547F0059A287 /* YAJLIOS.framework in Frameworks */,
			);
			runOnlyForDeploymentPostprocessing = 0;
		};
		22E902FE1240CB9A00993693 /* Frameworks */ = {
			isa = PBXFrameworksBuildPhase;
			buildActionMask = 2147483647;
			files = (
				22E904031240CC8800993693 /* UIKit.framework in Frameworks */,
				22E904041240CC8800993693 /* Foundation.framework in Frameworks */,
				22E904051240CC8800993693 /* CoreGraphics.framework in Frameworks */,
				22E904061240CC8800993693 /* CoreLocation.framework in Frameworks */,
				220E4B7C1243547F0059A287 /* GHUnitIOS.framework in Frameworks */,
				220E4B7D1243547F0059A287 /* YAJLIOS.framework in Frameworks */,
			);
			runOnlyForDeploymentPostprocessing = 0;
		};
/* End PBXFrameworksBuildPhase section */

/* Begin PBXGroup section */
		080E96DDFE201D6D7F000001 /* Classes */ = {
			isa = PBXGroup;
			children = (
				22A5C98C123790E5003DF9EC /* HoccerClient */,
				E11DAE3512C0D78B00B8E5E5 /* SandboxKeys.h */,
				1D3623240D0F684500981E51 /* HoccerAPIAppDelegate.h */,
				1D3623250D0F684500981E51 /* HoccerAPIAppDelegate.m */,
				28D7ACF60DDB3853001CB0EB /* HoccerAPIViewController.h */,
				28D7ACF70DDB3853001CB0EB /* HoccerAPIViewController.m */,
			);
			path = Classes;
			sourceTree = "<group>";
		};
		19C28FACFE9D520D11CA2CBB /* Products */ = {
			isa = PBXGroup;
			children = (
				1D6058910D05DD3D006BFB54 /* HoccerAPI.app */,
				220C63A51238D9DB0014AECB /* Tests.app */,
				22E903001240CB9A00993693 /* libHoccerLib.a */,
			);
			name = Products;
			sourceTree = "<group>";
		};
		220C63B01238DA3E0014AECB /* Tests */ = {
			isa = PBXGroup;
			children = (
				22FDCC61123E1473001FA03C /* MockedObjects */,
				220C63B11238DA810014AECB /* GHUnitIOSTestMain.m */,
				220E4B6B1243546F0059A287 /* HoccerTests.m */,
				E11DAE3712C0D7B300B8E5E5 /* FileCacheTests.m */,
				22E902B01240C61A00993693 /* HCGeoStorageTests.m */,
				22FABF2E124CA41500B6AC40 /* NSDictionaryURLParamsTests.m */,
				22FABFF0124CCF9D00B6AC40 /* NSStringURLHelperTests.m */,
			);
			name = Tests;
			sourceTree = "<group>";
		};
		220E4B56124352F60059A287 /* HttpClient */ = {
			isa = PBXGroup;
			children = (
				220E4B57124352F60059A287 /* HttpClient.h */,
				220E4B58124352F60059A287 /* HttpClient.m */,
				220E4B59124352F60059A287 /* HttpConnection.h */,
				220E4B5A124352F60059A287 /* HttpConnection.m */,
				22F460D8124BA925007FC482 /* HCAuthenticatedHttpClient.h */,
				22F460D9124BA925007FC482 /* HCAuthenticatedHttpClient.m */,
			);
			name = HttpClient;
			path = HoccerClient/HttpClient;
			sourceTree = "<group>";
		};
		220E4BA8124355900059A287 /* EnvironmentController */ = {
			isa = PBXGroup;
			children = (
				220E4BA9124355900059A287 /* HCEnvironment.h */,
				220E4BAA124355900059A287 /* HCEnvironment.m */,
				220E4BAB124355900059A287 /* HCEnvironmentManager.h */,
				220E4BAC124355900059A287 /* HCEnvironmentManager.m */,
				220E4BAD124355900059A287 /* HCEnvironmentManagerDelegate.h */,
				220E4BAE124355900059A287 /* Wifi */,
			);
			name = EnvironmentController;
			path = HoccerClient/EnvironmentController;
			sourceTree = "<group>";
		};
		220E4BAE124355900059A287 /* Wifi */ = {
			isa = PBXGroup;
			children = (
				220E4BAF124355900059A287 /* WifiScanner.h */,
				220E4BB0124355900059A287 /* WifiScanner.m */,
				220E4BB1124355900059A287 /* WifiScannerDelegate.h */,
			);
			path = Wifi;
			sourceTree = "<group>";
		};
		22A5C98C123790E5003DF9EC /* HoccerClient */ = {
			isa = PBXGroup;
			children = (
				B4FDD6B8140E3A3500EED06C /* Crypto */,
				22FABF04124C947200B6AC40 /* Helper */,
				220E4BA8124355900059A287 /* EnvironmentController */,
				220E4B56124352F60059A287 /* HttpClient */,
				E6A7AD01129D45890034E2A7 /* HCFileCache.h */,
				E6A7AD02129D45890034E2A7 /* HCFileCache.m */,
				22A5C98D12379123003DF9EC /* HCLinccer.h */,
				22A5C98E12379123003DF9EC /* HCLinccer.m */,
				220E4B611243530B0059A287 /* HCLinccerDelegate.h */,
				22C02ED9123FC9210035A73D /* HCGeoStorageDelegate.h */,
				22C02EC9123FBF310035A73D /* HCGeoStorage.h */,
				22C02ECA123FBF310035A73D /* HCGeoStorage.m */,
				220E4D82124370910059A287 /* Hoccer.h */,
			);
			name = HoccerClient;
			sourceTree = "<group>";
		};
		22FABF04124C947200B6AC40 /* Helper */ = {
			isa = PBXGroup;
			children = (
				B4FDD6C8140E3A9A00EED06C /* NSString+Regexp.h */,
				B4FDD6C9140E3A9A00EED06C /* NSString+Regexp.m */,
				B4FDD6C5140E3A8400EED06C /* NSString+StringWithData.h */,
				B4FDD6C6140E3A8400EED06C /* NSString+StringWithData.m */,
				22FAC03E124CD6C300B6AC40 /* NSData_Base64Extensions.h */,
				22FAC03F124CD6C300B6AC40 /* NSData_Base64Extensions.m */,
				22FAC039124CD6A900B6AC40 /* Base64Transcoder.c */,
				22FAC03A124CD6A900B6AC40 /* Base64Transcoder.h */,
				22FABF32124CA97E00B6AC40 /* NSDictionary+CSURLParams.h */,
				22FABF33124CA97E00B6AC40 /* NSDictionary+CSURLParams.m */,
				22FABFEA124CCEF300B6AC40 /* NSString+URLHelper.h */,
				22FABFEB124CCEF300B6AC40 /* NSString+URLHelper.m */,
			);
			name = Helper;
			sourceTree = "<group>";
		};
		22FDCC61123E1473001FA03C /* MockedObjects */ = {
			isa = PBXGroup;
			children = (
				22EEB9D1123A34BE00276368 /* MockedLocationController.h */,
				22EEB9D2123A34BE00276368 /* MockedLocationController.m */,
				E668E73C128305410003D10D /* HCLinccer+FakeUuid.h */,
				E668E73D128305410003D10D /* HCLinccer+FakeUuid.m */,
			);
			name = MockedObjects;
			sourceTree = "<group>";
		};
		29B97314FDCFA39411CA2CEA /* CustomTemplate */ = {
			isa = PBXGroup;
			children = (
				220C63B01238DA3E0014AECB /* Tests */,
				080E96DDFE201D6D7F000001 /* Classes */,
				29B97315FDCFA39411CA2CEA /* Other Sources */,
				29B97317FDCFA39411CA2CEA /* Resources */,
				29B97323FDCFA39411CA2CEA /* Frameworks */,
				19C28FACFE9D520D11CA2CBB /* Products */,
				220C63A71238D9DB0014AECB /* Tests-Info.plist */,
			);
			name = CustomTemplate;
			sourceTree = "<group>";
		};
		29B97315FDCFA39411CA2CEA /* Other Sources */ = {
			isa = PBXGroup;
			children = (
				32CA4F630368D1EE00C91783 /* HoccerAPI_Prefix.pch */,
				29B97316FDCFA39411CA2CEA /* main.m */,
			);
			name = "Other Sources";
			sourceTree = "<group>";
		};
		29B97317FDCFA39411CA2CEA /* Resources */ = {
			isa = PBXGroup;
			children = (
				2899E5210DE3E06400AC0155 /* HoccerAPIViewController.xib */,
				28AD733E0D9D9553002E5188 /* MainWindow.xib */,
				8D1107310486CEB800E47090 /* HoccerAPI-Info.plist */,
			);
			name = Resources;
			sourceTree = "<group>";
		};
		29B97323FDCFA39411CA2CEA /* Frameworks */ = {
			isa = PBXGroup;
			children = (
				B4FDD6CB140E3AB900EED06C /* Security.framework */,
				220E4B781243547F0059A287 /* GHUnitIOS.framework */,
				220E4B791243547F0059A287 /* YAJLIOS.framework */,
				1DF5F4DF0D08C38300B7A737 /* UIKit.framework */,
				1D30AB110D05D00D00671497 /* Foundation.framework */,
				288765A40DF7441C002DB57D /* CoreGraphics.framework */,
				22A5C9BE12379B36003DF9EC /* CoreLocation.framework */,
			);
			name = Frameworks;
			sourceTree = "<group>";
		};
		B4FDD6B8140E3A3500EED06C /* Crypto */ = {
			isa = PBXGroup;
			children = (
				B4FDD6B9140E3A5B00EED06C /* Crypto.h */,
				B4FDD6BA140E3A5B00EED06C /* Crypto.m */,
				B4FDD6BB140E3A5B00EED06C /* NSData+CommonCrypto.h */,
				B4FDD6BC140E3A5B00EED06C /* NSData+CommonCrypto.m */,
				B4FDD6BD140E3A5B00EED06C /* PublicKeyManager.h */,
				B4FDD6BE140E3A5B00EED06C /* PublicKeyManager.m */,
				B4FDD6BF140E3A5B00EED06C /* RSA.h */,
				B4FDD6C0140E3A5B00EED06C /* RSA.m */,
			);
			path = Crypto;
			sourceTree = "<group>";
		};
/* End PBXGroup section */

/* Begin PBXHeadersBuildPhase section */
		22E902FC1240CB9A00993693 /* Headers */ = {
			isa = PBXHeadersBuildPhase;
			buildActionMask = 2147483647;
			files = (
				220E4B5D124352F60059A287 /* HttpClient.h in Headers */,
				220E4B5F124352F60059A287 /* HttpConnection.h in Headers */,
				220E4B621243530B0059A287 /* HCLinccerDelegate.h in Headers */,
				220E4BB5124355900059A287 /* HCEnvironment.h in Headers */,
				220E4BB7124355900059A287 /* HCEnvironmentManager.h in Headers */,
				220E4BB9124355900059A287 /* HCEnvironmentManagerDelegate.h in Headers */,
				220E4BBA124355900059A287 /* WifiScanner.h in Headers */,
				220E4BBC124355900059A287 /* WifiScannerDelegate.h in Headers */,
				220E4D83124370910059A287 /* Hoccer.h in Headers */,
				22F460DA124BA925007FC482 /* HCAuthenticatedHttpClient.h in Headers */,
				22FABF34124CA97E00B6AC40 /* NSDictionary+CSURLParams.h in Headers */,
				22FABFEC124CCEF300B6AC40 /* NSString+URLHelper.h in Headers */,
				22FAC03D124CD6A900B6AC40 /* Base64Transcoder.h in Headers */,
				22FAC041124CD6C300B6AC40 /* NSData_Base64Extensions.h in Headers */,
				E11DAE3612C0D78B00B8E5E5 /* SandboxKeys.h in Headers */,
			);
			runOnlyForDeploymentPostprocessing = 0;
		};
/* End PBXHeadersBuildPhase section */

/* Begin PBXNativeTarget section */
		1D6058900D05DD3D006BFB54 /* HoccerAPI */ = {
			isa = PBXNativeTarget;
			buildConfigurationList = 1D6058960D05DD3E006BFB54 /* Build configuration list for PBXNativeTarget "HoccerAPI" */;
			buildPhases = (
				1D60588D0D05DD3D006BFB54 /* Resources */,
				1D60588E0D05DD3D006BFB54 /* Sources */,
				1D60588F0D05DD3D006BFB54 /* Frameworks */,
			);
			buildRules = (
			);
			dependencies = (
			);
			name = HoccerAPI;
			productName = HoccerAPI;
			productReference = 1D6058910D05DD3D006BFB54 /* HoccerAPI.app */;
			productType = "com.apple.product-type.application";
		};
		220C63A41238D9DB0014AECB /* Tests */ = {
			isa = PBXNativeTarget;
			buildConfigurationList = 220C63AA1238D9DB0014AECB /* Build configuration list for PBXNativeTarget "Tests" */;
			buildPhases = (
				220C63A11238D9DB0014AECB /* Resources */,
				220C63A21238D9DB0014AECB /* Sources */,
				220C63A31238D9DB0014AECB /* Frameworks */,
			);
			buildRules = (
			);
			dependencies = (
			);
			name = Tests;
			productName = Tests;
			productReference = 220C63A51238D9DB0014AECB /* Tests.app */;
			productType = "com.apple.product-type.application";
		};
		22E902FF1240CB9A00993693 /* HoccerLib */ = {
			isa = PBXNativeTarget;
			buildConfigurationList = 22E903071240CBC400993693 /* Build configuration list for PBXNativeTarget "HoccerLib" */;
			buildPhases = (
				22E902FC1240CB9A00993693 /* Headers */,
				22E902FD1240CB9A00993693 /* Sources */,
				22E902FE1240CB9A00993693 /* Frameworks */,
			);
			buildRules = (
			);
			dependencies = (
			);
			name = HoccerLib;
			productName = HoccerLib;
			productReference = 22E903001240CB9A00993693 /* libHoccerLib.a */;
			productType = "com.apple.product-type.library.static";
		};
/* End PBXNativeTarget section */

/* Begin PBXProject section */
		29B97313FDCFA39411CA2CEA /* Project object */ = {
			isa = PBXProject;
			attributes = {
				LastUpgradeCheck = 0410;
				ORGANIZATIONNAME = "Hoccer GmbH";
			};
			buildConfigurationList = C01FCF4E08A954540054247B /* Build configuration list for PBXProject "HoccerAPI" */;
			compatibilityVersion = "Xcode 3.2";
			developmentRegion = English;
			hasScannedForEncodings = 1;
			knownRegions = (
				English,
				Japanese,
				French,
				German,
			);
			mainGroup = 29B97314FDCFA39411CA2CEA /* CustomTemplate */;
			projectDirPath = "";
			projectRoot = "";
			targets = (
				1D6058900D05DD3D006BFB54 /* HoccerAPI */,
				220C63A41238D9DB0014AECB /* Tests */,
				22E902FF1240CB9A00993693 /* HoccerLib */,
			);
		};
/* End PBXProject section */

/* Begin PBXResourcesBuildPhase section */
		1D60588D0D05DD3D006BFB54 /* Resources */ = {
			isa = PBXResourcesBuildPhase;
			buildActionMask = 2147483647;
			files = (
				28AD733F0D9D9553002E5188 /* MainWindow.xib in Resources */,
				2899E5220DE3E06400AC0155 /* HoccerAPIViewController.xib in Resources */,
			);
			runOnlyForDeploymentPostprocessing = 0;
		};
		220C63A11238D9DB0014AECB /* Resources */ = {
			isa = PBXResourcesBuildPhase;
			buildActionMask = 2147483647;
			files = (
			);
			runOnlyForDeploymentPostprocessing = 0;
		};
/* End PBXResourcesBuildPhase section */

/* Begin PBXSourcesBuildPhase section */
		1D60588E0D05DD3D006BFB54 /* Sources */ = {
			isa = PBXSourcesBuildPhase;
			buildActionMask = 2147483647;
			files = (
				1D60589B0D05DD56006BFB54 /* main.m in Sources */,
				1D3623260D0F684500981E51 /* HoccerAPIAppDelegate.m in Sources */,
				28D7ACF80DDB3853001CB0EB /* HoccerAPIViewController.m in Sources */,
				22FD875E1263554B00219137 /* NSData_Base64Extensions.m in Sources */,
				22FD875F1263554B00219137 /* Base64Transcoder.c in Sources */,
				22FD87601263554B00219137 /* NSDictionary+CSURLParams.m in Sources */,
				22FD87611263554B00219137 /* NSString+URLHelper.m in Sources */,
				22FD87621263555200219137 /* HCEnvironment.m in Sources */,
				22FD87631263555200219137 /* HCEnvironmentManager.m in Sources */,
				22FD87641263555E00219137 /* HttpClient.m in Sources */,
				22FD87651263555E00219137 /* HttpConnection.m in Sources */,
				22FD87661263555E00219137 /* HCAuthenticatedHttpClient.m in Sources */,
				22FD87671263556900219137 /* HCLinccer.m in Sources */,
				22FD87681263556900219137 /* HCGeoStorage.m in Sources */,
				22FD876B1263558000219137 /* WifiScanner.m in Sources */,
				E6A7AD03129D45890034E2A7 /* HCFileCache.m in Sources */,
				B4FDD6C1140E3A5B00EED06C /* Crypto.m in Sources */,
				B4FDD6C2140E3A5B00EED06C /* NSData+CommonCrypto.m in Sources */,
				B4FDD6C3140E3A5B00EED06C /* PublicKeyManager.m in Sources */,
				B4FDD6C4140E3A5B00EED06C /* RSA.m in Sources */,
				B4FDD6C7140E3A8400EED06C /* NSString+StringWithData.m in Sources */,
				B4FDD6CA140E3A9A00EED06C /* NSString+Regexp.m in Sources */,
			);
			runOnlyForDeploymentPostprocessing = 0;
		};
		220C63A21238D9DB0014AECB /* Sources */ = {
			isa = PBXSourcesBuildPhase;
			buildActionMask = 2147483647;
			files = (
				220C63BB1238DB6C0014AECB /* GHUnitIOSTestMain.m in Sources */,
				22EEB9D3123A34BE00276368 /* MockedLocationController.m in Sources */,
				220E4BB4124355900059A287 /* WifiScanner.m in Sources */,
				227C61831247A08D00059B66 /* HCEnvironment.m in Sources */,
				227C61841247A08D00059B66 /* HCEnvironmentManager.m in Sources */,
				227C61861247A09F00059B66 /* HCLinccer.m in Sources */,
				227C61871247A09F00059B66 /* HCGeoStorage.m in Sources */,
				227C61881247A0B000059B66 /* HttpClient.m in Sources */,
				227C61891247A0B000059B66 /* HttpConnection.m in Sources */,
				22F460DC124BA925007FC482 /* HCAuthenticatedHttpClient.m in Sources */,
				22FABF2F124CA41500B6AC40 /* NSDictionaryURLParamsTests.m in Sources */,
				22FABF36124CA97E00B6AC40 /* NSDictionary+CSURLParams.m in Sources */,
				22FABFEE124CCEF300B6AC40 /* NSString+URLHelper.m in Sources */,
				22FABFF1124CCF9D00B6AC40 /* NSStringURLHelperTests.m in Sources */,
				22FAC040124CD6C300B6AC40 /* NSData_Base64Extensions.m in Sources */,
				22FAC06A124CD8B000B6AC40 /* Base64Transcoder.c in Sources */,
				22CA6F4E12645CF2006BAE19 /* HoccerAPIViewController.m in Sources */,
				E668E73E128305410003D10D /* HCLinccer+FakeUuid.m in Sources */,
				E6A7AD04129D45890034E2A7 /* HCFileCache.m in Sources */,
				E67B669F12A68D4B00B10441 /* HoccerTests.m in Sources */,
				E11DAEC412C0FCEC00B8E5E5 /* FileCacheTests.m in Sources */,
			);
			runOnlyForDeploymentPostprocessing = 0;
		};
		22E902FD1240CB9A00993693 /* Sources */ = {
			isa = PBXSourcesBuildPhase;
			buildActionMask = 2147483647;
			files = (
				22E903081240CC3000993693 /* HCLinccer.m in Sources */,
				22E903091240CC3000993693 /* HCGeoStorage.m in Sources */,
				220E4B5E124352F60059A287 /* HttpClient.m in Sources */,
				220E4B60124352F60059A287 /* HttpConnection.m in Sources */,
				220E4BB6124355900059A287 /* HCEnvironment.m in Sources */,
				220E4BB8124355900059A287 /* HCEnvironmentManager.m in Sources */,
				220E4BBB124355900059A287 /* WifiScanner.m in Sources */,
				22F460DB124BA925007FC482 /* HCAuthenticatedHttpClient.m in Sources */,
				22FABF35124CA97E00B6AC40 /* NSDictionary+CSURLParams.m in Sources */,
				22FABFED124CCEF300B6AC40 /* NSString+URLHelper.m in Sources */,
				22FAC03C124CD6A900B6AC40 /* Base64Transcoder.c in Sources */,
				22FAC042124CD6C300B6AC40 /* NSData_Base64Extensions.m in Sources */,
			);
			runOnlyForDeploymentPostprocessing = 0;
		};
/* End PBXSourcesBuildPhase section */

/* Begin XCBuildConfiguration section */
		1D6058940D05DD3E006BFB54 /* Debug */ = {
			isa = XCBuildConfiguration;
			buildSettings = {
				ALWAYS_SEARCH_USER_PATHS = NO;
				COPY_PHASE_STRIP = NO;
				FRAMEWORK_SEARCH_PATHS = (
					"$(inherited)",
					"\"$(SRCROOT)\"",
					"\"$(SRCROOT)/lib\"",
				);
				GCC_DYNAMIC_NO_PIC = NO;
				GCC_OPTIMIZATION_LEVEL = 0;
				GCC_PRECOMPILE_PREFIX_HEADER = YES;
				GCC_PREFIX_HEADER = HoccerAPI_Prefix.pch;
				GCC_VERSION = com.apple.compilers.llvmgcc42;
				INFOPLIST_FILE = "HoccerAPI-Info.plist";
				OTHER_LDFLAGS = (
					"-all_load",
					"-ObjC",
				);
				PRODUCT_NAME = HoccerAPI;
			};
			name = Debug;
		};
		1D6058950D05DD3E006BFB54 /* Release */ = {
			isa = XCBuildConfiguration;
			buildSettings = {
				ALWAYS_SEARCH_USER_PATHS = NO;
				COPY_PHASE_STRIP = YES;
				FRAMEWORK_SEARCH_PATHS = (
					"$(inherited)",
					"\"$(SRCROOT)\"",
					"\"$(SRCROOT)/lib\"",
				);
				GCC_PRECOMPILE_PREFIX_HEADER = YES;
				GCC_PREFIX_HEADER = HoccerAPI_Prefix.pch;
				GCC_VERSION = com.apple.compilers.llvmgcc42;
				INFOPLIST_FILE = "HoccerAPI-Info.plist";
				OTHER_LDFLAGS = (
					"-all_load",
					"-ObjC",
				);
				PRODUCT_NAME = HoccerAPI;
				VALIDATE_PRODUCT = YES;
			};
			name = Release;
		};
		220C63A81238D9DB0014AECB /* Debug */ = {
			isa = XCBuildConfiguration;
			buildSettings = {
				ALWAYS_SEARCH_USER_PATHS = NO;
				CODE_SIGN_IDENTITY = "iPhone Developer";
				COPY_PHASE_STRIP = NO;
				FRAMEWORK_SEARCH_PATHS = (
					"$(inherited)",
					"\"$(SRCROOT)\"",
					"\"$(SRCROOT)/lib\"",
				);
				GCC_DYNAMIC_NO_PIC = NO;
				GCC_OPTIMIZATION_LEVEL = 0;
				GCC_PRECOMPILE_PREFIX_HEADER = YES;
				GCC_PREFIX_HEADER = "$(SYSTEM_LIBRARY_DIR)/Frameworks/UIKit.framework/Headers/UIKit.h";
				INFOPLIST_FILE = "Tests-Info.plist";
				INSTALL_PATH = "$(HOME)/Applications";
				OTHER_LDFLAGS = (
					"-all_load",
					"-ObjC",
				);
				PRODUCT_NAME = Tests;
				SDKROOT = iphoneos;
			};
			name = Debug;
		};
		220C63A91238D9DB0014AECB /* Release */ = {
			isa = XCBuildConfiguration;
			buildSettings = {
				ALWAYS_SEARCH_USER_PATHS = NO;
				CODE_SIGN_IDENTITY = "iPhone Developer";
				COPY_PHASE_STRIP = YES;
				DEBUG_INFORMATION_FORMAT = "dwarf-with-dsym";
				FRAMEWORK_SEARCH_PATHS = (
					"$(inherited)",
					"\"$(SRCROOT)\"",
					"\"$(SRCROOT)/lib\"",
				);
				GCC_PRECOMPILE_PREFIX_HEADER = YES;
				GCC_PREFIX_HEADER = "$(SYSTEM_LIBRARY_DIR)/Frameworks/UIKit.framework/Headers/UIKit.h";
				INFOPLIST_FILE = "Tests-Info.plist";
				INSTALL_PATH = "$(HOME)/Applications";
				OTHER_LDFLAGS = (
					"-all_load",
					"-ObjC",
				);
				PRODUCT_NAME = Tests;
				SDKROOT = iphoneos;
				ZERO_LINK = NO;
			};
			name = Release;
		};
		22E903011240CB9B00993693 /* Debug */ = {
			isa = XCBuildConfiguration;
			buildSettings = {
				ALWAYS_SEARCH_USER_PATHS = NO;
				COPY_PHASE_STRIP = NO;
				FRAMEWORK_SEARCH_PATHS = (
					"$(inherited)",
					"\"$(SRCROOT)\"",
					"\"$(SRCROOT)/lib\"",
				);
				GCC_DYNAMIC_NO_PIC = NO;
				GCC_OPTIMIZATION_LEVEL = 0;
				GCC_PREFIX_HEADER = HoccerAPI_Prefix.pch;
				GCC_VERSION = com.apple.compilers.llvmgcc42;
				OTHER_LDFLAGS = (
					"-all_load",
					"-ObjC",
				);
				PRODUCT_NAME = HoccerLib;
			};
			name = Debug;
		};
		22E903021240CB9B00993693 /* Release */ = {
			isa = XCBuildConfiguration;
			buildSettings = {
				ALWAYS_SEARCH_USER_PATHS = NO;
				COPY_PHASE_STRIP = YES;
				DEBUG_INFORMATION_FORMAT = "dwarf-with-dsym";
				FRAMEWORK_SEARCH_PATHS = (
					"$(inherited)",
					"\"$(SRCROOT)\"",
					"\"$(SRCROOT)/lib\"",
				);
				GCC_PREFIX_HEADER = HoccerAPI_Prefix.pch;
				GCC_VERSION = com.apple.compilers.llvmgcc42;
				OTHER_LDFLAGS = (
					"-all_load",
					"-ObjC",
				);
				PRODUCT_NAME = HoccerLib;
				ZERO_LINK = NO;
			};
			name = Release;
		};
		C01FCF4F08A954540054247B /* Debug */ = {
			isa = XCBuildConfiguration;
			buildSettings = {
				ARCHS = "$(ARCHS_STANDARD_32_BIT)";
				"CODE_SIGN_IDENTITY[sdk=iphoneos*]" = "iPhone Developer";
				GCC_C_LANGUAGE_STANDARD = c99;
				GCC_INPUT_FILETYPE = sourcecode.c.objc;
				GCC_VERSION = com.apple.compilers.llvmgcc42;
				GCC_WARN_ABOUT_RETURN_TYPE = YES;
				GCC_WARN_UNUSED_VARIABLE = YES;
				IPHONEOS_DEPLOYMENT_TARGET = 3.1;
				"PROVISIONING_PROFILE[sdk=iphoneos*]" = "";
				SDKROOT = iphoneos;
			};
			name = Debug;
		};
		C01FCF5008A954540054247B /* Release */ = {
			isa = XCBuildConfiguration;
			buildSettings = {
				ARCHS = "$(ARCHS_STANDARD_32_BIT)";
				"CODE_SIGN_IDENTITY[sdk=iphoneos*]" = "iPhone Developer";
				GCC_C_LANGUAGE_STANDARD = c99;
				GCC_INPUT_FILETYPE = sourcecode.c.objc;
				GCC_VERSION = com.apple.compilers.llvmgcc42;
				GCC_WARN_ABOUT_RETURN_TYPE = YES;
				GCC_WARN_UNUSED_VARIABLE = YES;
				IPHONEOS_DEPLOYMENT_TARGET = 3.1;
				OTHER_CFLAGS = "-DNS_BLOCK_ASSERTIONS=1";
				"PROVISIONING_PROFILE[sdk=iphoneos*]" = "";
				SDKROOT = iphoneos;
			};
			name = Release;
		};
/* End XCBuildConfiguration section */

/* Begin XCConfigurationList section */
		1D6058960D05DD3E006BFB54 /* Build configuration list for PBXNativeTarget "HoccerAPI" */ = {
			isa = XCConfigurationList;
			buildConfigurations = (
				1D6058940D05DD3E006BFB54 /* Debug */,
				1D6058950D05DD3E006BFB54 /* Release */,
			);
			defaultConfigurationIsVisible = 0;
			defaultConfigurationName = Release;
		};
		220C63AA1238D9DB0014AECB /* Build configuration list for PBXNativeTarget "Tests" */ = {
			isa = XCConfigurationList;
			buildConfigurations = (
				220C63A81238D9DB0014AECB /* Debug */,
				220C63A91238D9DB0014AECB /* Release */,
			);
			defaultConfigurationIsVisible = 0;
			defaultConfigurationName = Release;
		};
		22E903071240CBC400993693 /* Build configuration list for PBXNativeTarget "HoccerLib" */ = {
			isa = XCConfigurationList;
			buildConfigurations = (
				22E903011240CB9B00993693 /* Debug */,
				22E903021240CB9B00993693 /* Release */,
			);
			defaultConfigurationIsVisible = 0;
			defaultConfigurationName = Release;
		};
		C01FCF4E08A954540054247B /* Build configuration list for PBXProject "HoccerAPI" */ = {
			isa = XCConfigurationList;
			buildConfigurations = (
				C01FCF4F08A954540054247B /* Debug */,
				C01FCF5008A954540054247B /* Release */,
			);
			defaultConfigurationIsVisible = 0;
			defaultConfigurationName = Release;
		};
/* End XCConfigurationList section */
	};
	rootObject = 29B97313FDCFA39411CA2CEA /* Project object */;
}
